
Microsoft Visual Studio Solution File, Format Version 12.00
# Visual Studio Version 16
VisualStudioVersion = 16.0.31229.75
MinimumVisualStudioVersion = 10.0.40219.1
Project("{9A19103F-16F7-4668-BE54-9A1E7A4F7556}") = "BackgroundService", "BackgroundService.csproj", "{14CBAC0E-AC24-4814-B5E4-26411FF3EB95}"
EndProject
Project("{FAE04EC0-301F-11D3-BF4B-00C04F79EFBC}") = "Mail", "..\ClassLibrary1\Mail.csproj", "{5552B1EA-1F51-4256-B3AE-61E4ED50C6D4}"
EndProject
Project("{FAE04EC0-301F-11D3-BF4B-00C04F79EFBC}") = "SFTP", "..\SFTP\SFTP.csproj", "{2CB5569B-0AC8-48D2-B568-D143A0D9315B}"
EndProject
Project("{FAE04EC0-301F-11D3-BF4B-00C04F79EFBC}") = "CommonClasses", "..\commonClasses\CommonClasses.csproj", "{9C599B05-98C2-4A5B-B095-451DEDD18140}"
EndProject
Global
	GlobalSection(SolutionConfigurationPlatforms) = preSolution
		Debug|Any CPU = Debug|Any CPU
		Release|Any CPU = Release|Any CPU
	EndGlobalSection
	GlobalSection(ProjectConfigurationPlatforms) = postSolution
		{14CBAC0E-AC24-4814-B5E4-26411FF3EB95}.Debug|Any CPU.ActiveCfg = Debug|Any CPU
		{14CBAC0E-AC24-4814-B5E4-26411FF3EB95}.Debug|Any CPU.Build.0 = Debug|Any CPU
		{14CBAC0E-AC24-4814-B5E4-26411FF3EB95}.Release|Any CPU.ActiveCfg = Release|Any CPU
		{14CBAC0E-AC24-4814-B5E4-26411FF3EB95}.Release|Any CPU.Build.0 = Release|Any CPU
		{5552B1EA-1F51-4256-B3AE-61E4ED50C6D4}.Debug|Any CPU.ActiveCfg = Debug|Any CPU
		{5552B1EA-1F51-4256-B3AE-61E4ED50C6D4}.Debug|Any CPU.Build.0 = Debug|Any CPU
		{5552B1EA-1F51-4256-B3AE-61E4ED50C6D4}.Release|Any CPU.ActiveCfg = Release|Any CPU
		{5552B1EA-1F51-4256-B3AE-61E4ED50C6D4}.Release|Any CPU.Build.0 = Release|Any CPU
		{2CB5569B-0AC8-48D2-B568-D143A0D9315B}.Debug|Any CPU.ActiveCfg = Debug|Any CPU
		{2CB5569B-0AC8-48D2-B568-D143A0D9315B}.Debug|Any CPU.Build.0 = Debug|Any CPU
		{2CB5569B-0AC8-48D2-B568-D143A0D9315B}.Release|Any CPU.ActiveCfg = Release|Any CPU
		{2CB5569B-0AC8-48D2-B568-D143A0D9315B}.Release|Any CPU.Build.0 = Release|Any CPU
		{9C599B05-98C2-4A5B-B095-451DEDD18140}.Debug|Any CPU.ActiveCfg = Debug|Any CPU
		{9C599B05-98C2-4A5B-B095-451DEDD18140}.Debug|Any CPU.Build.0 = Debug|Any CPU
		{9C599B05-98C2-4A5B-B095-451DEDD18140}.Release|Any CPU.ActiveCfg = Release|Any CPU
		{9C599B05-98C2-4A5B-B095-451DEDD18140}.Release|Any CPU.Build.0 = Release|Any CPU
	EndGlobalSection
	GlobalSection(SolutionProperties) = preSolution
		HideSolutionNode = FALSE
	EndGlobalSection
	GlobalSection(ExtensibilityGlobals) = postSolution
		SolutionGuid = {6DCEE7F8-DCC1-4D79-9768-AEF44AD2458D}
	EndGlobalSection
EndGlobal
